
Microsoft Visual Studio Solution File, Format Version 12.00
# Visual Studio Version 17
VisualStudioVersion = 17.14.36301.6
MinimumVisualStudioVersion = 10.0.40219.1
Project("{FAE04EC0-301F-11D3-BF4B-00C04F79EFBC}") = "Ocelot.ApiGateway", "Ocelot.ApiGateway\Ocelot.ApiGateway.csproj", "{7C465A06-A17C-473E-8078-5914342874CF}"
EndProject
Project("{FAE04EC0-301F-11D3-BF4B-00C04F79EFBC}") = "Article.Api", "Article.Api\Article.Api.csproj", "{E769FA5D-B997-4B30-892E-2E54B5B6B65F}"
EndProject
Project("{FAE04EC0-301F-11D3-BF4B-00C04F79EFBC}") = "Product.Api", "Product.Api\Product.Api.csproj", "{577D4F51-62CB-40F3-8362-7C23C1A08285}"
EndProject
Global
	GlobalSection(SolutionConfigurationPlatforms) = preSolution
		Debug|Any CPU = Debug|Any CPU
		Release|Any CPU = Release|Any CPU
	EndGlobalSection
	GlobalSection(ProjectConfigurationPlatforms) = postSolution
		{7C465A06-A17C-473E-8078-5914342874CF}.Debug|Any CPU.ActiveCfg = Debug|Any CPU
		{7C465A06-A17C-473E-8078-5914342874CF}.Debug|Any CPU.Build.0 = Debug|Any CPU
		{7C465A06-A17C-473E-8078-5914342874CF}.Release|Any CPU.ActiveCfg = Release|Any CPU
		{7C465A06-A17C-473E-8078-5914342874CF}.Release|Any CPU.Build.0 = Release|Any CPU
		{E769FA5D-B997-4B30-892E-2E54B5B6B65F}.Debug|Any CPU.ActiveCfg = Debug|Any CPU
		{E769FA5D-B997-4B30-892E-2E54B5B6B65F}.Debug|Any CPU.Build.0 = Debug|Any CPU
		{E769FA5D-B997-4B30-892E-2E54B5B6B65F}.Release|Any CPU.ActiveCfg = Release|Any CPU
		{E769FA5D-B997-4B30-892E-2E54B5B6B65F}.Release|Any CPU.Build.0 = Release|Any CPU
		{577D4F51-62CB-40F3-8362-7C23C1A08285}.Debug|Any CPU.ActiveCfg = Debug|Any CPU
		{577D4F51-62CB-40F3-8362-7C23C1A08285}.Debug|Any CPU.Build.0 = Debug|Any CPU
		{577D4F51-62CB-40F3-8362-7C23C1A08285}.Release|Any CPU.ActiveCfg = Release|Any CPU
		{577D4F51-62CB-40F3-8362-7C23C1A08285}.Release|Any CPU.Build.0 = Release|Any CPU
	EndGlobalSection
	GlobalSection(SolutionProperties) = preSolution
		HideSolutionNode = FALSE
	EndGlobalSection
	GlobalSection(ExtensibilityGlobals) = postSolution
		SolutionGuid = {EFBFB1ED-DC82-4FD7-8F9B-D7CD0C29962D}
	EndGlobalSection
EndGlobal
